
Microsoft Visual Studio Solution File, Format Version 12.00
# Visual Studio 15
VisualStudioVersion = 15.0.28307.106
MinimumVisualStudioVersion = 10.0.40219.1
Project("{FAE04EC0-301F-11D3-BF4B-00C04F79EFBC}") = "ASM_MVC_T1708M1", "ASM_MVC_T1708M1\ASM_MVC_T1708M1.csproj", "{836BAC42-4024-4A37-A32A-69F6D03802A2}"
EndProject
Global
	GlobalSection(SolutionConfigurationPlatforms) = preSolution
		Debug|Any CPU = Debug|Any CPU
		Release|Any CPU = Release|Any CPU
	EndGlobalSection
	GlobalSection(ProjectConfigurationPlatforms) = postSolution
		{836BAC42-4024-4A37-A32A-69F6D03802A2}.Debug|Any CPU.ActiveCfg = Debug|Any CPU
		{836BAC42-4024-4A37-A32A-69F6D03802A2}.Debug|Any CPU.Build.0 = Debug|Any CPU
		{836BAC42-4024-4A37-A32A-69F6D03802A2}.Release|Any CPU.ActiveCfg = Release|Any CPU
		{836BAC42-4024-4A37-A32A-69F6D03802A2}.Release|Any CPU.Build.0 = Release|Any CPU
	EndGlobalSection
	GlobalSection(SolutionProperties) = preSolution
		HideSolutionNode = FALSE
	EndGlobalSection
	GlobalSection(ExtensibilityGlobals) = postSolution
		SolutionGuid = {49D459B1-EC0B-44DD-9EE1-616DF8AB07F0}
	EndGlobalSection
EndGlobal
